
Microsoft Visual Studio Solution File, Format Version 12.00
# Visual Studio 15
VisualStudioVersion = 15.0.28010.2016
MinimumVisualStudioVersion = 10.0.40219.1
Project("{FAE04EC0-301F-11D3-BF4B-00C04F79EFBC}") = "ElectricityBills", "ElectricityBills\ElectricityBills.csproj", "{5D396C3B-598A-4056-A427-52D12EA25CD8}"
EndProject
Project("{FAE04EC0-301F-11D3-BF4B-00C04F79EFBC}") = "Services", "Services\Services.csproj", "{ED35E005-202F-4EDE-B889-DB831FF1C251}"
EndProject
Project("{FAE04EC0-301F-11D3-BF4B-00C04F79EFBC}") = "DAL", "DAL\DAL.csproj", "{B6845D12-B5F4-47F1-9BEA-D7979F17E2D4}"
EndProject
Project("{FAE04EC0-301F-11D3-BF4B-00C04F79EFBC}") = "Repository", "Repository\Repository.csproj", "{C96E2F0D-DB9F-4005-A43F-8743BA68E24F}"
EndProject
Project("{FAE04EC0-301F-11D3-BF4B-00C04F79EFBC}") = "ViewModel", "ViewModel\ViewModel.csproj", "{0182934F-F1BF-4F55-8899-5DDDB698360A}"
EndProject
Global
	GlobalSection(SolutionConfigurationPlatforms) = preSolution
		Debug|Any CPU = Debug|Any CPU
		Release|Any CPU = Release|Any CPU
	EndGlobalSection
	GlobalSection(ProjectConfigurationPlatforms) = postSolution
		{5D396C3B-598A-4056-A427-52D12EA25CD8}.Debug|Any CPU.ActiveCfg = Debug|Any CPU
		{5D396C3B-598A-4056-A427-52D12EA25CD8}.Debug|Any CPU.Build.0 = Debug|Any CPU
		{5D396C3B-598A-4056-A427-52D12EA25CD8}.Release|Any CPU.ActiveCfg = Release|Any CPU
		{5D396C3B-598A-4056-A427-52D12EA25CD8}.Release|Any CPU.Build.0 = Release|Any CPU
		{ED35E005-202F-4EDE-B889-DB831FF1C251}.Debug|Any CPU.ActiveCfg = Debug|Any CPU
		{ED35E005-202F-4EDE-B889-DB831FF1C251}.Debug|Any CPU.Build.0 = Debug|Any CPU
		{ED35E005-202F-4EDE-B889-DB831FF1C251}.Release|Any CPU.ActiveCfg = Release|Any CPU
		{ED35E005-202F-4EDE-B889-DB831FF1C251}.Release|Any CPU.Build.0 = Release|Any CPU
		{B6845D12-B5F4-47F1-9BEA-D7979F17E2D4}.Debug|Any CPU.ActiveCfg = Debug|Any CPU
		{B6845D12-B5F4-47F1-9BEA-D7979F17E2D4}.Debug|Any CPU.Build.0 = Debug|Any CPU
		{B6845D12-B5F4-47F1-9BEA-D7979F17E2D4}.Release|Any CPU.ActiveCfg = Release|Any CPU
		{B6845D12-B5F4-47F1-9BEA-D7979F17E2D4}.Release|Any CPU.Build.0 = Release|Any CPU
		{C96E2F0D-DB9F-4005-A43F-8743BA68E24F}.Debug|Any CPU.ActiveCfg = Debug|Any CPU
		{C96E2F0D-DB9F-4005-A43F-8743BA68E24F}.Debug|Any CPU.Build.0 = Debug|Any CPU
		{C96E2F0D-DB9F-4005-A43F-8743BA68E24F}.Release|Any CPU.ActiveCfg = Release|Any CPU
		{C96E2F0D-DB9F-4005-A43F-8743BA68E24F}.Release|Any CPU.Build.0 = Release|Any CPU
		{0182934F-F1BF-4F55-8899-5DDDB698360A}.Debug|Any CPU.ActiveCfg = Debug|Any CPU
		{0182934F-F1BF-4F55-8899-5DDDB698360A}.Debug|Any CPU.Build.0 = Debug|Any CPU
		{0182934F-F1BF-4F55-8899-5DDDB698360A}.Release|Any CPU.ActiveCfg = Release|Any CPU
		{0182934F-F1BF-4F55-8899-5DDDB698360A}.Release|Any CPU.Build.0 = Release|Any CPU
	EndGlobalSection
	GlobalSection(SolutionProperties) = preSolution
		HideSolutionNode = FALSE
	EndGlobalSection
	GlobalSection(ExtensibilityGlobals) = postSolution
		SolutionGuid = {96B84287-ABB6-411C-A8C0-3322B8748F74}
	EndGlobalSection
EndGlobal
